
Microsoft Visual Studio Solution File, Format Version 12.00
# Visual Studio Version 17
VisualStudioVersion = 17.4.33213.308
MinimumVisualStudioVersion = 10.0.40219.1
Project("{9A19103F-16F7-4668-BE54-9A1E7A4F7556}") = "Akka.Ask", "Akka.Ask\Akka.Ask.csproj", "{E52CF58E-5779-457E-B5C3-00B2CFEBCF8B}"
EndProject
Global
	GlobalSection(SolutionConfigurationPlatforms) = preSolution
		Debug|Any CPU = Debug|Any CPU
		Release|Any CPU = Release|Any CPU
	EndGlobalSection
	GlobalSection(ProjectConfigurationPlatforms) = postSolution
		{E52CF58E-5779-457E-B5C3-00B2CFEBCF8B}.Debug|Any CPU.ActiveCfg = Debug|Any CPU
		{E52CF58E-5779-457E-B5C3-00B2CFEBCF8B}.Debug|Any CPU.Build.0 = Debug|Any CPU
		{E52CF58E-5779-457E-B5C3-00B2CFEBCF8B}.Release|Any CPU.ActiveCfg = Release|Any CPU
		{E52CF58E-5779-457E-B5C3-00B2CFEBCF8B}.Release|Any CPU.Build.0 = Release|Any CPU
	EndGlobalSection
	GlobalSection(SolutionProperties) = preSolution
		HideSolutionNode = FALSE
	EndGlobalSection
	GlobalSection(ExtensibilityGlobals) = postSolution
		SolutionGuid = {534865AB-5A81-4D99-BD89-83DA2373D979}
	EndGlobalSection
EndGlobal
